
Microsoft Visual Studio Solution File, Format Version 12.00
# Visual Studio Version 17
VisualStudioVersion = 17.14.36705.20 d17.14
MinimumVisualStudioVersion = 10.0.40219.1
Project("{FAE04EC0-301F-11D3-BF4B-00C04F79EFBC}") = "EyewearShop.Data", "EyewearShop.Data\EyewearShop.Data.csproj", "{2790BD7D-6426-41B8-A1BB-089D6AF330DF}"
EndProject
Project("{FAE04EC0-301F-11D3-BF4B-00C04F79EFBC}") = "EyewearShop.MVC", "EyewearShop.MVC\EyewearShop.MVC.csproj", "{16A17B09-07D8-4B62-8670-8BEE6E0A1F5B}"
EndProject
Global
	GlobalSection(SolutionConfigurationPlatforms) = preSolution
		Debug|Any CPU = Debug|Any CPU
		Release|Any CPU = Release|Any CPU
	EndGlobalSection
	GlobalSection(ProjectConfigurationPlatforms) = postSolution
		{2790BD7D-6426-41B8-A1BB-089D6AF330DF}.Debug|Any CPU.ActiveCfg = Debug|Any CPU
		{2790BD7D-6426-41B8-A1BB-089D6AF330DF}.Debug|Any CPU.Build.0 = Debug|Any CPU
		{2790BD7D-6426-41B8-A1BB-089D6AF330DF}.Release|Any CPU.ActiveCfg = Release|Any CPU
		{2790BD7D-6426-41B8-A1BB-089D6AF330DF}.Release|Any CPU.Build.0 = Release|Any CPU
		{16A17B09-07D8-4B62-8670-8BEE6E0A1F5B}.Debug|Any CPU.ActiveCfg = Debug|Any CPU
		{16A17B09-07D8-4B62-8670-8BEE6E0A1F5B}.Debug|Any CPU.Build.0 = Debug|Any CPU
		{16A17B09-07D8-4B62-8670-8BEE6E0A1F5B}.Release|Any CPU.ActiveCfg = Release|Any CPU
		{16A17B09-07D8-4B62-8670-8BEE6E0A1F5B}.Release|Any CPU.Build.0 = Release|Any CPU
	EndGlobalSection
	GlobalSection(SolutionProperties) = preSolution
		HideSolutionNode = FALSE
	EndGlobalSection
	GlobalSection(ExtensibilityGlobals) = postSolution
		SolutionGuid = {6B0DD81D-4530-40AE-AC4B-A342E94DE007}
	EndGlobalSection
EndGlobal
